// !$*UTF8*$!
{
	archiveVersion = 1;
	classes = {
	};
	objectVersion = 56;
	objects = {

/* Begin PBXBuildFile section */
		6822290B28F71973009B1D7C /* ChatBotSampleApp.swift in Sources */ = {isa = PBXBuildFile; fileRef = 6822290A28F71973009B1D7C /* ChatBotSampleApp.swift */; };
		6822290F28F71976009B1D7C /* Assets.xcassets in Resources */ = {isa = PBXBuildFile; fileRef = 6822290E28F71976009B1D7C /* Assets.xcassets */; };
		6822291428F71976009B1D7C /* Persistence.swift in Sources */ = {isa = PBXBuildFile; fileRef = 6822291328F71976009B1D7C /* Persistence.swift */; };
		6822291728F71976009B1D7C /* ChatBotSample.xcdatamodeld in Sources */ = {isa = PBXBuildFile; fileRef = 6822291528F71976009B1D7C /* ChatBotSample.xcdatamodeld */; };
		6822292128F71976009B1D7C /* ChatBotSampleTests.swift in Sources */ = {isa = PBXBuildFile; fileRef = 6822292028F71976009B1D7C /* ChatBotSampleTests.swift */; };
		6822292B28F71976009B1D7C /* ChatBotSampleUITests.swift in Sources */ = {isa = PBXBuildFile; fileRef = 6822292A28F71976009B1D7C /* ChatBotSampleUITests.swift */; };
		6822292D28F71976009B1D7C /* ChatBotSampleUITestsLaunchTests.swift in Sources */ = {isa = PBXBuildFile; fileRef = 6822292C28F71976009B1D7C /* ChatBotSampleUITestsLaunchTests.swift */; };
		6822294628F71A00009B1D7C /* ChatBotView.swift in Sources */ = {isa = PBXBuildFile; fileRef = 6822293928F719FF009B1D7C /* ChatBotView.swift */; };
		6822294728F71A00009B1D7C /* ChatTopBarView.swift in Sources */ = {isa = PBXBuildFile; fileRef = 6822293A28F71A00009B1D7C /* ChatTopBarView.swift */; };
		6822294828F71A00009B1D7C /* KeyboardDismiss+Ext.swift in Sources */ = {isa = PBXBuildFile; fileRef = 6822293C28F71A00009B1D7C /* KeyboardDismiss+Ext.swift */; };
		6822294928F71A00009B1D7C /* ChatBot+Ext.swift in Sources */ = {isa = PBXBuildFile; fileRef = 6822293D28F71A00009B1D7C /* ChatBot+Ext.swift */; };
		6822294A28F71A00009B1D7C /* RoundedViewsCustom+Ext.swift in Sources */ = {isa = PBXBuildFile; fileRef = 6822293E28F71A00009B1D7C /* RoundedViewsCustom+Ext.swift */; };
		6822294B28F71A00009B1D7C /* ChatBotCategories.swift in Sources */ = {isa = PBXBuildFile; fileRef = 6822293F28F71A00009B1D7C /* ChatBotCategories.swift */; };
		6822294C28F71A00009B1D7C /* Constant.swift in Sources */ = {isa = PBXBuildFile; fileRef = 6822294028F71A00009B1D7C /* Constant.swift */; };
		6822294D28F71A00009B1D7C /* ChatBotViewsLibrary.swift in Sources */ = {isa = PBXBuildFile; fileRef = 6822294128F71A00009B1D7C /* ChatBotViewsLibrary.swift */; };
		6822294E28F71A00009B1D7C /* ChatBubleViews.swift in Sources */ = {isa = PBXBuildFile; fileRef = 6822294228F71A00009B1D7C /* ChatBubleViews.swift */; };
		6822294F28F71A00009B1D7C /* ChatBotModel.swift in Sources */ = {isa = PBXBuildFile; fileRef = 6822294428F71A00009B1D7C /* ChatBotModel.swift */; };
		6822295028F71A00009B1D7C /* ChatBotViewModel.swift in Sources */ = {isa = PBXBuildFile; fileRef = 6822294528F71A00009B1D7C /* ChatBotViewModel.swift */; };
		6822295A28F71B38009B1D7C /* TextFieldWithSubmitView.swift in Sources */ = {isa = PBXBuildFile; fileRef = 6822295928F71B38009B1D7C /* TextFieldWithSubmitView.swift */; };
/* End PBXBuildFile section */

/* Begin PBXContainerItemProxy section */
		6822291D28F71976009B1D7C /* PBXContainerItemProxy */ = {
			isa = PBXContainerItemProxy;
			containerPortal = 682228FF28F71973009B1D7C /* Project object */;
			proxyType = 1;
			remoteGlobalIDString = 6822290628F71973009B1D7C;
			remoteInfo = ChatBotSample;
		};
		6822292728F71976009B1D7C /* PBXContainerItemProxy */ = {
			isa = PBXContainerItemProxy;
			containerPortal = 682228FF28F71973009B1D7C /* Project object */;
			proxyType = 1;
			remoteGlobalIDString = 6822290628F71973009B1D7C;
			remoteInfo = ChatBotSample;
		};
/* End PBXContainerItemProxy section */

/* Begin PBXFileReference section */
		6822290728F71973009B1D7C /* ChatBotSample.app */ = {isa = PBXFileReference; explicitFileType = wrapper.application; includeInIndex = 0; path = ChatBotSample.app; sourceTree = BUILT_PRODUCTS_DIR; };
		6822290A28F71973009B1D7C /* ChatBotSampleApp.swift */ = {isa = PBXFileReference; lastKnownFileType = sourcecode.swift; path = ChatBotSampleApp.swift; sourceTree = "<group>"; };
		6822290E28F71976009B1D7C /* Assets.xcassets */ = {isa = PBXFileReference; lastKnownFileType = folder.assetcatalog; path = Assets.xcassets; sourceTree = "<group>"; };
		6822291328F71976009B1D7C /* Persistence.swift */ = {isa = PBXFileReference; lastKnownFileType = sourcecode.swift; path = Persistence.swift; sourceTree = "<group>"; };
		6822291628F71976009B1D7C /* ChatBotSample.xcdatamodel */ = {isa = PBXFileReference; lastKnownFileType = wrapper.xcdatamodel; path = ChatBotSample.xcdatamodel; sourceTree = "<group>"; };
		6822291C28F71976009B1D7C /* ChatBotSampleTests.xctest */ = {isa = PBXFileReference; explicitFileType = wrapper.cfbundle; includeInIndex = 0; path = ChatBotSampleTests.xctest; sourceTree = BUILT_PRODUCTS_DIR; };
		6822292028F71976009B1D7C /* ChatBotSampleTests.swift */ = {isa = PBXFileReference; lastKnownFileType = sourcecode.swift; path = ChatBotSampleTests.swift; sourceTree = "<group>"; };
		6822292628F71976009B1D7C /* ChatBotSampleUITests.xctest */ = {isa = PBXFileReference; explicitFileType = wrapper.cfbundle; includeInIndex = 0; path = ChatBotSampleUITests.xctest; sourceTree = BUILT_PRODUCTS_DIR; };
		6822292A28F71976009B1D7C /* ChatBotSampleUITests.swift */ = {isa = PBXFileReference; lastKnownFileType = sourcecode.swift; path = ChatBotSampleUITests.swift; sourceTree = "<group>"; };
		6822292C28F71976009B1D7C /* ChatBotSampleUITestsLaunchTests.swift */ = {isa = PBXFileReference; lastKnownFileType = sourcecode.swift; path = ChatBotSampleUITestsLaunchTests.swift; sourceTree = "<group>"; };
		6822293928F719FF009B1D7C /* ChatBotView.swift */ = {isa = PBXFileReference; fileEncoding = 4; lastKnownFileType = sourcecode.swift; path = ChatBotView.swift; sourceTree = "<group>"; };
		6822293A28F71A00009B1D7C /* ChatTopBarView.swift */ = {isa = PBXFileReference; fileEncoding = 4; lastKnownFileType = sourcecode.swift; path = ChatTopBarView.swift; sourceTree = "<group>"; };
		6822293C28F71A00009B1D7C /* KeyboardDismiss+Ext.swift */ = {isa = PBXFileReference; fileEncoding = 4; lastKnownFileType = sourcecode.swift; path = "KeyboardDismiss+Ext.swift"; sourceTree = "<group>"; };
		6822293D28F71A00009B1D7C /* ChatBot+Ext.swift */ = {isa = PBXFileReference; fileEncoding = 4; lastKnownFileType = sourcecode.swift; path = "ChatBot+Ext.swift"; sourceTree = "<group>"; };
		6822293E28F71A00009B1D7C /* RoundedViewsCustom+Ext.swift */ = {isa = PBXFileReference; fileEncoding = 4; lastKnownFileType = sourcecode.swift; path = "RoundedViewsCustom+Ext.swift"; sourceTree = "<group>"; };
		6822293F28F71A00009B1D7C /* ChatBotCategories.swift */ = {isa = PBXFileReference; fileEncoding = 4; lastKnownFileType = sourcecode.swift; path = ChatBotCategories.swift; sourceTree = "<group>"; };
		6822294028F71A00009B1D7C /* Constant.swift */ = {isa = PBXFileReference; fileEncoding = 4; lastKnownFileType = sourcecode.swift; path = Constant.swift; sourceTree = "<group>"; };
		6822294128F71A00009B1D7C /* ChatBotViewsLibrary.swift */ = {isa = PBXFileReference; fileEncoding = 4; lastKnownFileType = sourcecode.swift; path = ChatBotViewsLibrary.swift; sourceTree = "<group>"; };
		6822294228F71A00009B1D7C /* ChatBubleViews.swift */ = {isa = PBXFileReference; fileEncoding = 4; lastKnownFileType = sourcecode.swift; path = ChatBubleViews.swift; sourceTree = "<group>"; };
		6822294428F71A00009B1D7C /* ChatBotModel.swift */ = {isa = PBXFileReference; fileEncoding = 4; lastKnownFileType = sourcecode.swift; path = ChatBotModel.swift; sourceTree = "<group>"; };
		6822294528F71A00009B1D7C /* ChatBotViewModel.swift */ = {isa = PBXFileReference; fileEncoding = 4; lastKnownFileType = sourcecode.swift; path = ChatBotViewModel.swift; sourceTree = "<group>"; };
		6822295928F71B38009B1D7C /* TextFieldWithSubmitView.swift */ = {isa = PBXFileReference; fileEncoding = 4; lastKnownFileType = sourcecode.swift; path = TextFieldWithSubmitView.swift; sourceTree = "<group>"; };
		6822295C28F71B7B009B1D7C /* Preview Assets.xcassets */ = {isa = PBXFileReference; lastKnownFileType = folder.assetcatalog; path = "Preview Assets.xcassets"; sourceTree = "<group>"; };
/* End PBXFileReference section */

/* Begin PBXFrameworksBuildPhase section */
		6822290428F71973009B1D7C /* Frameworks */ = {
			isa = PBXFrameworksBuildPhase;
			buildActionMask = 2147483647;
			files = (
			);
			runOnlyForDeploymentPostprocessing = 0;
		};
		6822291928F71976009B1D7C /* Frameworks */ = {
			isa = PBXFrameworksBuildPhase;
			buildActionMask = 2147483647;
			files = (
			);
			runOnlyForDeploymentPostprocessing = 0;
		};
		6822292328F71976009B1D7C /* Frameworks */ = {
			isa = PBXFrameworksBuildPhase;
			buildActionMask = 2147483647;
			files = (
			);
			runOnlyForDeploymentPostprocessing = 0;
		};
/* End PBXFrameworksBuildPhase section */

/* Begin PBXGroup section */
		682228FE28F71973009B1D7C = {
			isa = PBXGroup;
			children = (
				6822290928F71973009B1D7C /* ChatBotSample */,
				6822291F28F71976009B1D7C /* ChatBotSampleTests */,
				6822292928F71976009B1D7C /* ChatBotSampleUITests */,
				6822290828F71973009B1D7C /* Products */,
			);
			sourceTree = "<group>";
		};
		6822290828F71973009B1D7C /* Products */ = {
			isa = PBXGroup;
			children = (
				6822290728F71973009B1D7C /* ChatBotSample.app */,
				6822291C28F71976009B1D7C /* ChatBotSampleTests.xctest */,
				6822292628F71976009B1D7C /* ChatBotSampleUITests.xctest */,
			);
			name = Products;
			sourceTree = "<group>";
		};
		6822290928F71973009B1D7C /* ChatBotSample */ = {
			isa = PBXGroup;
			children = (
				6822295128F71A38009B1D7C /* WindowGroup */,
				6822295D28F71BEB009B1D7C /* ChatBotView */,
				6822293B28F71A00009B1D7C /* Extensions */,
				6822295228F71A69009B1D7C /* Assets */,
				6822295828F71B2B009B1D7C /* Common */,
				6822295B28F71B78009B1D7C /* Preview Content */,
			);
			path = ChatBotSample;
			sourceTree = "<group>";
		};
		6822291F28F71976009B1D7C /* ChatBotSampleTests */ = {
			isa = PBXGroup;
			children = (
				6822292028F71976009B1D7C /* ChatBotSampleTests.swift */,
			);
			path = ChatBotSampleTests;
			sourceTree = "<group>";
		};
		6822292928F71976009B1D7C /* ChatBotSampleUITests */ = {
			isa = PBXGroup;
			children = (
				6822292A28F71976009B1D7C /* ChatBotSampleUITests.swift */,
				6822292C28F71976009B1D7C /* ChatBotSampleUITestsLaunchTests.swift */,
			);
			path = ChatBotSampleUITests;
			sourceTree = "<group>";
		};
		6822293B28F71A00009B1D7C /* Extensions */ = {
			isa = PBXGroup;
			children = (
				6822293C28F71A00009B1D7C /* KeyboardDismiss+Ext.swift */,
				6822293D28F71A00009B1D7C /* ChatBot+Ext.swift */,
				6822293E28F71A00009B1D7C /* RoundedViewsCustom+Ext.swift */,
			);
			path = Extensions;
			sourceTree = "<group>";
		};
		6822294328F71A00009B1D7C /* MVVM */ = {
			isa = PBXGroup;
			children = (
				6822294428F71A00009B1D7C /* ChatBotModel.swift */,
				6822294528F71A00009B1D7C /* ChatBotViewModel.swift */,
			);
			path = MVVM;
			sourceTree = "<group>";
		};
		6822295128F71A38009B1D7C /* WindowGroup */ = {
			isa = PBXGroup;
			children = (
				6822290A28F71973009B1D7C /* ChatBotSampleApp.swift */,
			);
			path = WindowGroup;
			sourceTree = "<group>";
		};
		6822295228F71A69009B1D7C /* Assets */ = {
			isa = PBXGroup;
			children = (
				6822290E28F71976009B1D7C /* Assets.xcassets */,
				6822291528F71976009B1D7C /* ChatBotSample.xcdatamodeld */,
			);
			path = Assets;
			sourceTree = "<group>";
		};
		6822295828F71B2B009B1D7C /* Common */ = {
			isa = PBXGroup;
			children = (
				6822294028F71A00009B1D7C /* Constant.swift */,
				6822291328F71976009B1D7C /* Persistence.swift */,
			);
			path = Common;
			sourceTree = "<group>";
		};
		6822295B28F71B78009B1D7C /* Preview Content */ = {
			isa = PBXGroup;
			children = (
				6822295C28F71B7B009B1D7C /* Preview Assets.xcassets */,
			);
			path = "Preview Content";
			sourceTree = "<group>";
		};
		6822295D28F71BEB009B1D7C /* ChatBotView */ = {
			isa = PBXGroup;
			children = (
				6822294328F71A00009B1D7C /* MVVM */,
				6822294128F71A00009B1D7C /* ChatBotViewsLibrary.swift */,
				6822293928F719FF009B1D7C /* ChatBotView.swift */,
				6822293A28F71A00009B1D7C /* ChatTopBarView.swift */,
				6822294228F71A00009B1D7C /* ChatBubleViews.swift */,
				6822293F28F71A00009B1D7C /* ChatBotCategories.swift */,
				6822295928F71B38009B1D7C /* TextFieldWithSubmitView.swift */,
			);
			path = ChatBotView;
			sourceTree = "<group>";
		};
/* End PBXGroup section */

/* Begin PBXNativeTarget section */
		6822290628F71973009B1D7C /* ChatBotSample */ = {
			isa = PBXNativeTarget;
			buildConfigurationList = 6822293028F71976009B1D7C /* Build configuration list for PBXNativeTarget "ChatBotSample" */;
			buildPhases = (
				6822290328F71973009B1D7C /* Sources */,
				6822290428F71973009B1D7C /* Frameworks */,
				6822290528F71973009B1D7C /* Resources */,
			);
			buildRules = (
			);
			dependencies = (
			);
			name = ChatBotSample;
			productName = ChatBotSample;
			productReference = 6822290728F71973009B1D7C /* ChatBotSample.app */;
			productType = "com.apple.product-type.application";
		};
		6822291B28F71976009B1D7C /* ChatBotSampleTests */ = {
			isa = PBXNativeTarget;
			buildConfigurationList = 6822293328F71976009B1D7C /* Build configuration list for PBXNativeTarget "ChatBotSampleTests" */;
			buildPhases = (
				6822291828F71976009B1D7C /* Sources */,
				6822291928F71976009B1D7C /* Frameworks */,
				6822291A28F71976009B1D7C /* Resources */,
			);
			buildRules = (
			);
			dependencies = (
				6822291E28F71976009B1D7C /* PBXTargetDependency */,
			);
			name = ChatBotSampleTests;
			productName = ChatBotSampleTests;
			productReference = 6822291C28F71976009B1D7C /* ChatBotSampleTests.xctest */;
			productType = "com.apple.product-type.bundle.unit-test";
		};
		6822292528F71976009B1D7C /* ChatBotSampleUITests */ = {
			isa = PBXNativeTarget;
			buildConfigurationList = 6822293628F71976009B1D7C /* Build configuration list for PBXNativeTarget "ChatBotSampleUITests" */;
			buildPhases = (
				6822292228F71976009B1D7C /* Sources */,
				6822292328F71976009B1D7C /* Frameworks */,
				6822292428F71976009B1D7C /* Resources */,
			);
			buildRules = (
			);
			dependencies = (
				6822292828F71976009B1D7C /* PBXTargetDependency */,
			);
			name = ChatBotSampleUITests;
			productName = ChatBotSampleUITests;
			productReference = 6822292628F71976009B1D7C /* ChatBotSampleUITests.xctest */;
			productType = "com.apple.product-type.bundle.ui-testing";
		};
/* End PBXNativeTarget section */

/* Begin PBXProject section */
		682228FF28F71973009B1D7C /* Project object */ = {
			isa = PBXProject;
			attributes = {
				BuildIndependentTargetsInParallel = 1;
				LastSwiftUpdateCheck = 1400;
				LastUpgradeCheck = 1400;
				TargetAttributes = {
					6822290628F71973009B1D7C = {
						CreatedOnToolsVersion = 14.0.1;
					};
					6822291B28F71976009B1D7C = {
						CreatedOnToolsVersion = 14.0.1;
						TestTargetID = 6822290628F71973009B1D7C;
					};
					6822292528F71976009B1D7C = {
						CreatedOnToolsVersion = 14.0.1;
						TestTargetID = 6822290628F71973009B1D7C;
					};
				};
			};
			buildConfigurationList = 6822290228F71973009B1D7C /* Build configuration list for PBXProject "ChatBotSample" */;
			compatibilityVersion = "Xcode 14.0";
			developmentRegion = en;
			hasScannedForEncodings = 0;
			knownRegions = (
				en,
				Base,
			);
			mainGroup = 682228FE28F71973009B1D7C;
			productRefGroup = 6822290828F71973009B1D7C /* Products */;
			projectDirPath = "";
			projectRoot = "";
			targets = (
				6822290628F71973009B1D7C /* ChatBotSample */,
				6822291B28F71976009B1D7C /* ChatBotSampleTests */,
				6822292528F71976009B1D7C /* ChatBotSampleUITests */,
			);
		};
/* End PBXProject section */

/* Begin PBXResourcesBuildPhase section */
		6822290528F71973009B1D7C /* Resources */ = {
			isa = PBXResourcesBuildPhase;
			buildActionMask = 2147483647;
			files = (
				6822290F28F71976009B1D7C /* Assets.xcassets in Resources */,
			);
			runOnlyForDeploymentPostprocessing = 0;
		};
		6822291A28F71976009B1D7C /* Resources */ = {
			isa = PBXResourcesBuildPhase;
			buildActionMask = 2147483647;
			files = (
			);
			runOnlyForDeploymentPostprocessing = 0;
		};
		6822292428F71976009B1D7C /* Resources */ = {
			isa = PBXResourcesBuildPhase;
			buildActionMask = 2147483647;
			files = (
			);
			runOnlyForDeploymentPostprocessing = 0;
		};
/* End PBXResourcesBuildPhase section */

/* Begin PBXSourcesBuildPhase section */
		6822290328F71973009B1D7C /* Sources */ = {
			isa = PBXSourcesBuildPhase;
			buildActionMask = 2147483647;
			files = (
				6822294628F71A00009B1D7C /* ChatBotView.swift in Sources */,
				6822294928F71A00009B1D7C /* ChatBot+Ext.swift in Sources */,
				6822295028F71A00009B1D7C /* ChatBotViewModel.swift in Sources */,
				6822294B28F71A00009B1D7C /* ChatBotCategories.swift in Sources */,
				6822294D28F71A00009B1D7C /* ChatBotViewsLibrary.swift in Sources */,
				6822295A28F71B38009B1D7C /* TextFieldWithSubmitView.swift in Sources */,
				6822291428F71976009B1D7C /* Persistence.swift in Sources */,
				6822291728F71976009B1D7C /* ChatBotSample.xcdatamodeld in Sources */,
				6822290B28F71973009B1D7C /* ChatBotSampleApp.swift in Sources */,
				6822294A28F71A00009B1D7C /* RoundedViewsCustom+Ext.swift in Sources */,
				6822294F28F71A00009B1D7C /* ChatBotModel.swift in Sources */,
				6822294C28F71A00009B1D7C /* Constant.swift in Sources */,
				6822294728F71A00009B1D7C /* ChatTopBarView.swift in Sources */,
				6822294828F71A00009B1D7C /* KeyboardDismiss+Ext.swift in Sources */,
				6822294E28F71A00009B1D7C /* ChatBubleViews.swift in Sources */,
			);
			runOnlyForDeploymentPostprocessing = 0;
		};
		6822291828F71976009B1D7C /* Sources */ = {
			isa = PBXSourcesBuildPhase;
			buildActionMask = 2147483647;
			files = (
				6822292128F71976009B1D7C /* ChatBotSampleTests.swift in Sources */,
			);
			runOnlyForDeploymentPostprocessing = 0;
		};
		6822292228F71976009B1D7C /* Sources */ = {
			isa = PBXSourcesBuildPhase;
			buildActionMask = 2147483647;
			files = (
				6822292D28F71976009B1D7C /* ChatBotSampleUITestsLaunchTests.swift in Sources */,
				6822292B28F71976009B1D7C /* ChatBotSampleUITests.swift in Sources */,
			);
			runOnlyForDeploymentPostprocessing = 0;
		};
/* End PBXSourcesBuildPhase section */

/* Begin PBXTargetDependency section */
		6822291E28F71976009B1D7C /* PBXTargetDependency */ = {
			isa = PBXTargetDependency;
			target = 6822290628F71973009B1D7C /* ChatBotSample */;
			targetProxy = 6822291D28F71976009B1D7C /* PBXContainerItemProxy */;
		};
		6822292828F71976009B1D7C /* PBXTargetDependency */ = {
			isa = PBXTargetDependency;
			target = 6822290628F71973009B1D7C /* ChatBotSample */;
			targetProxy = 6822292728F71976009B1D7C /* PBXContainerItemProxy */;
		};
/* End PBXTargetDependency section */

/* Begin XCBuildConfiguration section */
		6822292E28F71976009B1D7C /* Debug */ = {
			isa = XCBuildConfiguration;
			buildSettings = {
				ALWAYS_SEARCH_USER_PATHS = NO;
				CLANG_ANALYZER_NONNULL = YES;
				CLANG_ANALYZER_NUMBER_OBJECT_CONVERSION = YES_AGGRESSIVE;
				CLANG_CXX_LANGUAGE_STANDARD = "gnu++20";
				CLANG_ENABLE_MODULES = YES;
				CLANG_ENABLE_OBJC_ARC = YES;
				CLANG_ENABLE_OBJC_WEAK = YES;
				CLANG_WARN_BLOCK_CAPTURE_AUTORELEASING = YES;
				CLANG_WARN_BOOL_CONVERSION = YES;
				CLANG_WARN_COMMA = YES;
				CLANG_WARN_CONSTANT_CONVERSION = YES;
				CLANG_WARN_DEPRECATED_OBJC_IMPLEMENTATIONS = YES;
				CLANG_WARN_DIRECT_OBJC_ISA_USAGE = YES_ERROR;
				CLANG_WARN_DOCUMENTATION_COMMENTS = YES;
				CLANG_WARN_EMPTY_BODY = YES;
				CLANG_WARN_ENUM_CONVERSION = YES;
				CLANG_WARN_INFINITE_RECURSION = YES;
				CLANG_WARN_INT_CONVERSION = YES;
				CLANG_WARN_NON_LITERAL_NULL_CONVERSION = YES;
				CLANG_WARN_OBJC_IMPLICIT_RETAIN_SELF = YES;
				CLANG_WARN_OBJC_LITERAL_CONVERSION = YES;
				CLANG_WARN_OBJC_ROOT_CLASS = YES_ERROR;
				CLANG_WARN_QUOTED_INCLUDE_IN_FRAMEWORK_HEADER = YES;
				CLANG_WARN_RANGE_LOOP_ANALYSIS = YES;
				CLANG_WARN_STRICT_PROTOTYPES = YES;
				CLANG_WARN_SUSPICIOUS_MOVE = YES;
				CLANG_WARN_UNGUARDED_AVAILABILITY = YES_AGGRESSIVE;
				CLANG_WARN_UNREACHABLE_CODE = YES;
				CLANG_WARN__DUPLICATE_METHOD_MATCH = YES;
				COPY_PHASE_STRIP = NO;
				DEBUG_INFORMATION_FORMAT = dwarf;
				ENABLE_STRICT_OBJC_MSGSEND = YES;
				ENABLE_TESTABILITY = YES;
				GCC_C_LANGUAGE_STANDARD = gnu11;
				GCC_DYNAMIC_NO_PIC = NO;
				GCC_NO_COMMON_BLOCKS = YES;
				GCC_OPTIMIZATION_LEVEL = 0;
				GCC_PREPROCESSOR_DEFINITIONS = (
					"DEBUG=1",
					"$(inherited)",
				);
				GCC_WARN_64_TO_32_BIT_CONVERSION = YES;
				GCC_WARN_ABOUT_RETURN_TYPE = YES_ERROR;
				GCC_WARN_UNDECLARED_SELECTOR = YES;
				GCC_WARN_UNINITIALIZED_AUTOS = YES_AGGRESSIVE;
				GCC_WARN_UNUSED_FUNCTION = YES;
				GCC_WARN_UNUSED_VARIABLE = YES;
				IPHONEOS_DEPLOYMENT_TARGET = 16.0;
				MTL_ENABLE_DEBUG_INFO = INCLUDE_SOURCE;
				MTL_FAST_MATH = YES;
				ONLY_ACTIVE_ARCH = YES;
				SDKROOT = iphoneos;
				SWIFT_ACTIVE_COMPILATION_CONDITIONS = DEBUG;
				SWIFT_OPTIMIZATION_LEVEL = "-Onone";
			};
			name = Debug;
		};
		6822292F28F71976009B1D7C /* Release */ = {
			isa = XCBuildConfiguration;
			buildSettings = {
				ALWAYS_SEARCH_USER_PATHS = NO;
				CLANG_ANALYZER_NONNULL = YES;
				CLANG_ANALYZER_NUMBER_OBJECT_CONVERSION = YES_AGGRESSIVE;
				CLANG_CXX_LANGUAGE_STANDARD = "gnu++20";
				CLANG_ENABLE_MODULES = YES;
				CLANG_ENABLE_OBJC_ARC = YES;
				CLANG_ENABLE_OBJC_WEAK = YES;
				CLANG_WARN_BLOCK_CAPTURE_AUTORELEASING = YES;
				CLANG_WARN_BOOL_CONVERSION = YES;
				CLANG_WARN_COMMA = YES;
				CLANG_WARN_CONSTANT_CONVERSION = YES;
				CLANG_WARN_DEPRECATED_OBJC_IMPLEMENTATIONS = YES;
				CLANG_WARN_DIRECT_OBJC_ISA_USAGE = YES_ERROR;
				CLANG_WARN_DOCUMENTATION_COMMENTS = YES;
				CLANG_WARN_EMPTY_BODY = YES;
				CLANG_WARN_ENUM_CONVERSION = YES;
				CLANG_WARN_INFINITE_RECURSION = YES;
				CLANG_WARN_INT_CONVERSION = YES;
				CLANG_WARN_NON_LITERAL_NULL_CONVERSION = YES;
				CLANG_WARN_OBJC_IMPLICIT_RETAIN_SELF = YES;
				CLANG_WARN_OBJC_LITERAL_CONVERSION = YES;
				CLANG_WARN_OBJC_ROOT_CLASS = YES_ERROR;
				CLANG_WARN_QUOTED_INCLUDE_IN_FRAMEWORK_HEADER = YES;
				CLANG_WARN_RANGE_LOOP_ANALYSIS = YES;
				CLANG_WARN_STRICT_PROTOTYPES = YES;
				CLANG_WARN_SUSPICIOUS_MOVE = YES;
				CLANG_WARN_UNGUARDED_AVAILABILITY = YES_AGGRESSIVE;
				CLANG_WARN_UNREACHABLE_CODE = YES;
				CLANG_WARN__DUPLICATE_METHOD_MATCH = YES;
				COPY_PHASE_STRIP = NO;
				DEBUG_INFORMATION_FORMAT = "dwarf-with-dsym";
				ENABLE_NS_ASSERTIONS = NO;
				ENABLE_STRICT_OBJC_MSGSEND = YES;
				GCC_C_LANGUAGE_STANDARD = gnu11;
				GCC_NO_COMMON_BLOCKS = YES;
				GCC_WARN_64_TO_32_BIT_CONVERSION = YES;
				GCC_WARN_ABOUT_RETURN_TYPE = YES_ERROR;
				GCC_WARN_UNDECLARED_SELECTOR = YES;
				GCC_WARN_UNINITIALIZED_AUTOS = YES_AGGRESSIVE;
				GCC_WARN_UNUSED_FUNCTION = YES;
				GCC_WARN_UNUSED_VARIABLE = YES;
				IPHONEOS_DEPLOYMENT_TARGET = 16.0;
				MTL_ENABLE_DEBUG_INFO = NO;
				MTL_FAST_MATH = YES;
				SDKROOT = iphoneos;
				SWIFT_COMPILATION_MODE = wholemodule;
				SWIFT_OPTIMIZATION_LEVEL = "-O";
				VALIDATE_PRODUCT = YES;
			};
			name = Release;
		};
		6822293128F71976009B1D7C /* Debug */ = {
			isa = XCBuildConfiguration;
			buildSettings = {
				ASSETCATALOG_COMPILER_APPICON_NAME = AppIcon;
				ASSETCATALOG_COMPILER_GLOBAL_ACCENT_COLOR_NAME = AccentColor;
				CODE_SIGN_STYLE = Automatic;
				CURRENT_PROJECT_VERSION = 1;
				DEVELOPMENT_ASSET_PATHS = "\"ChatBotSample/Preview Content\"";
				DEVELOPMENT_TEAM = H368HQSP2D;
				ENABLE_PREVIEWS = YES;
				GENERATE_INFOPLIST_FILE = YES;
				INFOPLIST_KEY_UIApplicationSceneManifest_Generation = YES;
				INFOPLIST_KEY_UIApplicationSupportsIndirectInputEvents = YES;
				INFOPLIST_KEY_UILaunchScreen_Generation = YES;
				INFOPLIST_KEY_UISupportedInterfaceOrientations_iPad = "UIInterfaceOrientationPortrait UIInterfaceOrientationPortraitUpsideDown UIInterfaceOrientationLandscapeLeft UIInterfaceOrientationLandscapeRight";
				INFOPLIST_KEY_UISupportedInterfaceOrientations_iPhone = "UIInterfaceOrientationPortrait UIInterfaceOrientationLandscapeLeft UIInterfaceOrientationLandscapeRight";
				LD_RUNPATH_SEARCH_PATHS = (
					"$(inherited)",
					"@executable_path/Frameworks",
				);
				MARKETING_VERSION = 1.0;
				PRODUCT_BUNDLE_IDENTIFIER = com.ChatBotSample;
				PRODUCT_NAME = "$(TARGET_NAME)";
				SWIFT_EMIT_LOC_STRINGS = YES;
				SWIFT_VERSION = 5.0;
				TARGETED_DEVICE_FAMILY = "1,2";
			};
			name = Debug;
		};
		6822293228F71976009B1D7C /* Release */ = {
			isa = XCBuildConfiguration;
			buildSettings = {
				ASSETCATALOG_COMPILER_APPICON_NAME = AppIcon;
				ASSETCATALOG_COMPILER_GLOBAL_ACCENT_COLOR_NAME = AccentColor;
				CODE_SIGN_STYLE = Automatic;
				CURRENT_PROJECT_VERSION = 1;
				DEVELOPMENT_ASSET_PATHS = "\"ChatBotSample/Preview Content\"";
				DEVELOPMENT_TEAM = H368HQSP2D;
				ENABLE_PREVIEWS = YES;
				GENERATE_INFOPLIST_FILE = YES;
				INFOPLIST_KEY_UIApplicationSceneManifest_Generation = YES;
				INFOPLIST_KEY_UIApplicationSupportsIndirectInputEvents = YES;
				INFOPLIST_KEY_UILaunchScreen_Generation = YES;
				INFOPLIST_KEY_UISupportedInterfaceOrientations_iPad = "UIInterfaceOrientationPortrait UIInterfaceOrientationPortraitUpsideDown UIInterfaceOrientationLandscapeLeft UIInterfaceOrientationLandscapeRight";
				INFOPLIST_KEY_UISupportedInterfaceOrientations_iPhone = "UIInterfaceOrientationPortrait UIInterfaceOrientationLandscapeLeft UIInterfaceOrientationLandscapeRight";
				LD_RUNPATH_SEARCH_PATHS = (
					"$(inherited)",
					"@executable_path/Frameworks",
				);
				MARKETING_VERSION = 1.0;
				PRODUCT_BUNDLE_IDENTIFIER = com.ChatBotSample;
				PRODUCT_NAME = "$(TARGET_NAME)";
				SWIFT_EMIT_LOC_STRINGS = YES;
				SWIFT_VERSION = 5.0;
				TARGETED_DEVICE_FAMILY = "1,2";
			};
			name = Release;
		};
		6822293428F71976009B1D7C /* Debug */ = {
			isa = XCBuildConfiguration;
			buildSettings = {
				ALWAYS_EMBED_SWIFT_STANDARD_LIBRARIES = YES;
				BUNDLE_LOADER = "$(TEST_HOST)";
				CODE_SIGN_STYLE = Automatic;
				CURRENT_PROJECT_VERSION = 1;
				DEVELOPMENT_TEAM = H368HQSP2D;
				GENERATE_INFOPLIST_FILE = YES;
				IPHONEOS_DEPLOYMENT_TARGET = 16.0;
				MARKETING_VERSION = 1.0;
				PRODUCT_BUNDLE_IDENTIFIER = com.ChatBotSampleTests;
				PRODUCT_NAME = "$(TARGET_NAME)";
				SWIFT_EMIT_LOC_STRINGS = NO;
				SWIFT_VERSION = 5.0;
				TARGETED_DEVICE_FAMILY = "1,2";
				TEST_HOST = "$(BUILT_PRODUCTS_DIR)/ChatBotSample.app/$(BUNDLE_EXECUTABLE_FOLDER_PATH)/ChatBotSample";
			};
			name = Debug;
		};
		6822293528F71976009B1D7C /* Release */ = {
			isa = XCBuildConfiguration;
			buildSettings = {
				ALWAYS_EMBED_SWIFT_STANDARD_LIBRARIES = YES;
				BUNDLE_LOADER = "$(TEST_HOST)";
				CODE_SIGN_STYLE = Automatic;
				CURRENT_PROJECT_VERSION = 1;
				DEVELOPMENT_TEAM = H368HQSP2D;
				GENERATE_INFOPLIST_FILE = YES;
				IPHONEOS_DEPLOYMENT_TARGET = 16.0;
				MARKETING_VERSION = 1.0;
				PRODUCT_BUNDLE_IDENTIFIER = com.ChatBotSampleTests;
				PRODUCT_NAME = "$(TARGET_NAME)";
				SWIFT_EMIT_LOC_STRINGS = NO;
				SWIFT_VERSION = 5.0;
				TARGETED_DEVICE_FAMILY = "1,2";
				TEST_HOST = "$(BUILT_PRODUCTS_DIR)/ChatBotSample.app/$(BUNDLE_EXECUTABLE_FOLDER_PATH)/ChatBotSample";
			};
			name = Release;
		};
		6822293728F71976009B1D7C /* Debug */ = {
			isa = XCBuildConfiguration;
			buildSettings = {
				ALWAYS_EMBED_SWIFT_STANDARD_LIBRARIES = YES;
				CODE_SIGN_STYLE = Automatic;
				CURRENT_PROJECT_VERSION = 1;
				DEVELOPMENT_TEAM = H368HQSP2D;
				GENERATE_INFOPLIST_FILE = YES;
				MARKETING_VERSION = 1.0;
				PRODUCT_BUNDLE_IDENTIFIER = com.ChatBotSampleUITests;
				PRODUCT_NAME = "$(TARGET_NAME)";
				SWIFT_EMIT_LOC_STRINGS = NO;
				SWIFT_VERSION = 5.0;
				TARGETED_DEVICE_FAMILY = "1,2";
				TEST_TARGET_NAME = ChatBotSample;
			};
			name = Debug;
		};
		6822293828F71976009B1D7C /* Release */ = {
			isa = XCBuildConfiguration;
			buildSettings = {
				ALWAYS_EMBED_SWIFT_STANDARD_LIBRARIES = YES;
				CODE_SIGN_STYLE = Automatic;
				CURRENT_PROJECT_VERSION = 1;
				DEVELOPMENT_TEAM = H368HQSP2D;
				GENERATE_INFOPLIST_FILE = YES;
				MARKETING_VERSION = 1.0;
				PRODUCT_BUNDLE_IDENTIFIER = com.ChatBotSampleUITests;
				PRODUCT_NAME = "$(TARGET_NAME)";
				SWIFT_EMIT_LOC_STRINGS = NO;
				SWIFT_VERSION = 5.0;
				TARGETED_DEVICE_FAMILY = "1,2";
				TEST_TARGET_NAME = ChatBotSample;
			};
			name = Release;
		};
/* End XCBuildConfiguration section */

/* Begin XCConfigurationList section */
		6822290228F71973009B1D7C /* Build configuration list for PBXProject "ChatBotSample" */ = {
			isa = XCConfigurationList;
			buildConfigurations = (
				6822292E28F71976009B1D7C /* Debug */,
				6822292F28F71976009B1D7C /* Release */,
			);
			defaultConfigurationIsVisible = 0;
			defaultConfigurationName = Release;
		};
		6822293028F71976009B1D7C /* Build configuration list for PBXNativeTarget "ChatBotSample" */ = {
			isa = XCConfigurationList;
			buildConfigurations = (
				6822293128F71976009B1D7C /* Debug */,
				6822293228F71976009B1D7C /* Release */,
			);
			defaultConfigurationIsVisible = 0;
			defaultConfigurationName = Release;
		};
		6822293328F71976009B1D7C /* Build configuration list for PBXNativeTarget "ChatBotSampleTests" */ = {
			isa = XCConfigurationList;
			buildConfigurations = (
				6822293428F71976009B1D7C /* Debug */,
				6822293528F71976009B1D7C /* Release */,
			);
			defaultConfigurationIsVisible = 0;
			defaultConfigurationName = Release;
		};
		6822293628F71976009B1D7C /* Build configuration list for PBXNativeTarget "ChatBotSampleUITests" */ = {
			isa = XCConfigurationList;
			buildConfigurations = (
				6822293728F71976009B1D7C /* Debug */,
				6822293828F71976009B1D7C /* Release */,
			);
			defaultConfigurationIsVisible = 0;
			defaultConfigurationName = Release;
		};
/* End XCConfigurationList section */

/* Begin XCVersionGroup section */
		6822291528F71976009B1D7C /* ChatBotSample.xcdatamodeld */ = {
			isa = XCVersionGroup;
			children = (
				6822291628F71976009B1D7C /* ChatBotSample.xcdatamodel */,
			);
			currentVersion = 6822291628F71976009B1D7C /* ChatBotSample.xcdatamodel */;
			path = ChatBotSample.xcdatamodeld;
			sourceTree = "<group>";
			versionGroupType = wrapper.xcdatamodel;
		};
/* End XCVersionGroup section */
	};
	rootObject = 682228FF28F71973009B1D7C /* Project object */;
}
